{
  "version": 3,
  "mopsTomlDepsHash": "20c5bc52ba4ff816f88b0706f70bde67c53a1ef335b6e7247efe86ae2a331797",
  "deps": {
    "base": "0.13.2",
    "bench-helper": "0.0.3",
    "cbor": "1.0.0",
    "core": "2.6.1",
    "ic-certification": "0.1.3",
    "ic-websocket-cdk": "0.4.1",
    "sha2": "0.1.0",
    "xtended-numbers": "0.3.1"
  },
  "graph": {
    "base@0.11.1": {},
    "base@0.11.3": {},
    "base@0.13.2": {},
    "base@0.9.8": {},
    "bench-helper@0.0.3": {},
    "cbor@0.1.3": {
      "base": "https://github.com/dfinity/motoko-base#moc-0.7.4",
      "xtended-numbers": "https://github.com/edjcase/motoko_numbers#v1.0.2"
    },
    "cbor@1.0.0": {
      "base": "0.11.1",
      "xtended-numbers": "0.3.1"
    },
    "core@2.6.1": {},
    "ic-certification@0.1.3": {
      "cbor": "0.1.3",
      "sha2": "0.0.3"
    },
    "ic-websocket-cdk@0.4.1": {
      "base": "0.13.2",
      "cbor": "1.0.0",
      "ic-certification": "0.1.3",
      "sha2": "0.1.0"
    },
    "sha2@0.0.3": {
      "base": "0.9.8"
    },
    "sha2@0.1.0": {
      "base": "0.11.3"
    },
    "xtended-numbers@0.3.1": {
      "base": "0.11.1"
    }
  },
  "hashes": {
    "base@0.13.2": {
      "base@0.13.2/LICENSE": "166bd8e8cf7790087d1fd18a9fa4d060cc0d0b3e5ab30689aa5f3a59a93386bf",
      "base@0.13.2/NOTICE": "3960a8d25fa5fc909325817b08b36c1146970930ca15b6352f8ea6db803cab47",
      "base@0.13.2/README.md": "f45244a47229456939321014b550e3360b4f8c4d0fd60aa60bbba7e9eacbc8de",
      "base@0.13.2/mops.toml": "908f635f20cd69c83081b5069f6fbb52d00266f0e080b1e2914329424023f5ad",
      "base@0.13.2/src/Array.mo": "b8b182ec7522daf79160a00e34a7ea558369c32c2b67a6ed339fa2e56ce60835",
      "base@0.13.2/src/AssocList.mo": "07a92db12c36ba96baf3fb45ac76662407ca5d6cee7aedb01fa8ed6d9ee98cf4",
      "base@0.13.2/src/Blob.mo": "9d4b10667080778bca66cb534f1e0a1477e5247a970170f4ba19e7c58cc4939d",
      "base@0.13.2/src/Bool.mo": "65faf01dc6e3609ed2f729b813811506951adcce71c081fc6edcdbae4c8b1169",
      "base@0.13.2/src/Buffer.mo": "7ad75dec25ea37e964c536d6bb86ed90cc48047feedb57c9ded359bea49045f7",
      "base@0.13.2/src/CertifiedData.mo": "51a205989529f6b4fe788f78be0de2da1cb96f6532aac8accccbf4421cce3d06",
      "base@0.13.2/src/Char.mo": "dc34cfe3482b92134e5604629377b4236367f2f31d8a82b81084ca5cadf31c2e",
      "base@0.13.2/src/Debug.mo": "3bc1b92c7e849ae09bd5bc43397d625c07ce80d1089cfe12cde6e6fee6a6ab7b",
      "base@0.13.2/src/Deque.mo": "39da68fb8f19fb497aa3db769ffe2cb740cab54e6d82264052de505edac9b17b",
      "base@0.13.2/src/Error.mo": "988e300efcdf69d08338a506b47da2536a376187542a731dcc83b427c711a23d",
      "base@0.13.2/src/ExperimentalCycles.mo": "914a997e981431b104ec8ef6c263908738ce88a3858d93cff7d1b3290cd6b68f",
      "base@0.13.2/src/ExperimentalInternetComputer.mo": "4aa908a6d33be0b0ee053056890c10dfc040df327283087e7c2a923ab19b6ca9",
      "base@0.13.2/src/ExperimentalStableMemory.mo": "70330ae4d113e15d1d211c8ea229bc0a6fc6c014f5fece58aea0de90c82e4fff",
      "base@0.13.2/src/Float.mo": "499f0b2e4b3b1bd4322eaa6aa34ed3a99b31f837c6b032e5000e2f574bffa908",
      "base@0.13.2/src/Func.mo": "bea8bcb92707a255814e0a7d79c238e490860c38001438612948704027f05bec",
      "base@0.13.2/src/Hash.mo": "99d7add2ed6e82cf482593ac85edd231d507ef542608cd42fec1cc6d764906e9",
      "base@0.13.2/src/HashMap.mo": "639c3377687ef59c22ac8df7ef5b26cf6c9689a356ea1ac9fbe215819db59adf",
      "base@0.13.2/src/Heap.mo": "517b746ca16d80b9b7cf3fc6c2883854d4cb240bd494a888fb65ac02441f769b",
      "base@0.13.2/src/Int.mo": "3dc2fe075ca553d92cb8178f3216a591233376ffb591d42a8f08bd86c7b5cea6",
      "base@0.13.2/src/Int16.mo": "586617af6cef687bd05cd29cd0c785b366ad5ad2b871151f909de76671b755c3",
      "base@0.13.2/src/Int32.mo": "bcb4775ef68e0b2b5b872771abcda8eaef4e0a126562b0877e91b3a1ebaaffd6",
      "base@0.13.2/src/Int64.mo": "7cfa15c6a8b777fb5f67e841da3d0960a5ef43c66d46acdf354e8a7dfac57d2d",
      "base@0.13.2/src/Int8.mo": "dfdaf280fe2a1b7524cf82116ccdeea5c70cb27046b8addd3c3d9f387b17f594",
      "base@0.13.2/src/Iter.mo": "140291f243dfcfdbedb54a264cce76b7481eeb8767224a41fa9951beaf067b67",
      "base@0.13.2/src/IterType.mo": "1b6361f1b7ee81d1974719c8464c8c574aaee992c37c3c7b6c39f107a58af01c",
      "base@0.13.2/src/List.mo": "d13e77eb05b4edcca55e7cc5ee7ce5018c5a137a7a67708e8eb54967c38673fb",
      "base@0.13.2/src/Nat.mo": "d2d24f2b42365b3a54c8bb3cf467b94d1ec7f3271a7d0f671986c04a39a8b844",
      "base@0.13.2/src/Nat16.mo": "42483fe26ec90fcfc5d90e82df945ea128d10145dada4ee8f68ee85e62f17841",
      "base@0.13.2/src/Nat32.mo": "7919cf0598707ae3628d70caa3bb44c04e3bd940752b85481f4f071cde89b66a",
      "base@0.13.2/src/Nat64.mo": "dce2861f9674d6301fb2b98475460e85b3d245537c52e3c7a90fac257e5c96f0",
      "base@0.13.2/src/Nat8.mo": "b9266d0b5e284288beeca990963cb7a8c9492d69771c656d0501507a613802ba",
      "base@0.13.2/src/None.mo": "b204a4964519117e6fa8ee82da5653376988cf618fc397205dfc8ea58f60d2d1",
      "base@0.13.2/src/Option.mo": "72c9ddc183b6248375e0f96efd33881a130a465f97e6a3a553ffe8f16bb5fba7",
      "base@0.13.2/src/Order.mo": "d8c76128271612469d052520f10af726556df78688729f9856b62ea292e0f43f",
      "base@0.13.2/src/Prelude.mo": "7b4ea84cb683203c68d6135b524ca5587a1b23436d6733e0aaf723d36be4aa85",
      "base@0.13.2/src/Principal.mo": "5e50eba952b7de62450264a2ece0af6edadd0b6dd4c8cfd2e432ca66022f70ab",
      "base@0.13.2/src/RBTree.mo": "fe2f775b84552e97ab4749b48d8aff6da675c8541b927f697055f34eb4decd2c",
      "base@0.13.2/src/Random.mo": "15f6fd50d10a9eb401c3f18f19874fb334fec309e94499a46a0a876037dca266",
      "base@0.13.2/src/Region.mo": "6ca3019aed15ad442a3a794000ac245b2bcbd846033966e446dc1a29986dbf0b",
      "base@0.13.2/src/Result.mo": "4aa00198ee36ea3b60519f9c350e1c17b14b6ffa005b6d4edcff36a0a206f3af",
      "base@0.13.2/src/Stack.mo": "4b2681e9ed562b02840b7a46b58e66b695a725f31b94f6c9952e95e81b703b84",
      "base@0.13.2/src/Text.mo": "08c5c0328da359144a6d50552b5c3ca9ccb63c6b859e2b2403abbfd112e09708",
      "base@0.13.2/src/Time.mo": "4e2a6126d0a2b0b862735adbde93620a70cb388af25a87c7b853650abd0743ab",
      "base@0.13.2/src/Timer.mo": "6d1c5203670163e689484231c1c34add09938621f9f21ce1390d0d8c4e3ec31d",
      "base@0.13.2/src/Trie.mo": "63c0fbe6d48808630c7edf51d66140b8b2a43a734e425ab854234126e242cb07",
      "base@0.13.2/src/TrieMap.mo": "6d69d887006cd1dff09331473f258141bccb251a04a3a8221b65720a4bf237ac",
      "base@0.13.2/src/TrieSet.mo": "29b3314f43fad714fc7b68cc3b0dde00a7d8b02b6431afd7fe12304dc14f9612"
    },
    "bench-helper@0.0.3": {
      "bench-helper@0.0.3/LICENSE": "b9c74cf5b86ce6dc1d415f664aa1b8a08005e2523bdc63a2764f3095df993fc9",
      "bench-helper@0.0.3/README.md": "e5c05606e6e20b955b0f8abbb730d435c8200f4b14bf9b64d7be4d9cacd53a6a",
      "bench-helper@0.0.3/mops.toml": "62ce7db32be8b559f07b0e18632eaa651be0702c97b687f01b040c486dd10791",
      "bench-helper@0.0.3/src/lib.mo": "5eab7fa76b325cf571f6e3a29b80c18116d57e77edec92b4d14c9979183fa93b"
    },
    "cbor@1.0.0": {
      "cbor@1.0.0/LICENSE": "7caf02fc1ac48db886244237e0fa148cea6c360daabcbccd3e6d26da422bb06b",
      "cbor@1.0.0/README.md": "f2ca1ad4db7290d660da74e55fb1f865ef24fbbe63879ab2aea375093d14d1b5",
      "cbor@1.0.0/mops.toml": "c1a0badc02bbb58b228398144dd9f34f2744563533295a627ef2d4548d039be9",
      "cbor@1.0.0/src/Decoder.mo": "4262fad249b39378a141deb677ecc3dfb1efced8fc4394eba0d0698dbb6e4718",
      "cbor@1.0.0/src/Encoder.mo": "817af25db17d796a9b7cf5eadf531db6bedd30381dd08c9f811caf72d6f051b6",
      "cbor@1.0.0/src/Types.mo": "68755bdb38d01e581253c5a4dafa30139a780068bac639329f730954e25eed50",
      "cbor@1.0.0/src/Util.mo": "2d09cbf0cd5c0087e9ab492fda1fc9837bedd0b564b1c4e30c3cb6bf50382aa8"
    },
    "core@2.6.1": {
      "core@2.6.1/LICENSE": "840e3d57a38a8061f55d04470fbd58b9345326fa04ea10ee42add5c6e3b2aa08",
      "core@2.6.1/NOTICE": "d62ca4ef9e2c9df064115c339013593cf0769e2b9dc78fa4b3211222541c7f83",
      "core@2.6.1/README.md": "c5e314d907a91e02cb18c86966bae402e6143329510b2a38b665df3b3dbaca61",
      "core@2.6.1/mops.toml": "63ffb60fb927b3c31fe28df6ed9c958f7d0a2b644f12f7173c210f43c268569d",
      "core@2.6.1/src/Array.mo": "59e4440bc7ed2988d9ff0be1ec091cd4c994ce9d713e282f88a57d295598338a",
      "core@2.6.1/src/Base64.mo": "0d70a221a21a1bfb7ad79da30271f6e1f892a4148f8c844975b108c2e052ea3f",
      "core@2.6.1/src/Blob.mo": "f5085a7be3a9ed3e9bf11cbf8001146c9586acc45a7ee13513c5e8f97cad561b",
      "core@2.6.1/src/Bool.mo": "3b606a6631f28c774e3055bc860201e56260fd32fdc5e8dc00d901506be95db5",
      "core@2.6.1/src/CallerAttributes.mo": "7ac5ea306f7e4393a7830a1dd522583d3388b8dd4667db132ee77ba9ae131f66",
      "core@2.6.1/src/CertifiedData.mo": "87fa7b145507d63aab702030bc797f9c5c45ec796b84bc573d70448ceabaec9a",
      "core@2.6.1/src/Char.mo": "954caba4a5e2e714912e9a6981f4fea08865780c98797b36333cff6b0c68f220",
      "core@2.6.1/src/Cycles.mo": "9f5c1fceea47f05c43f22a1c25e8753fb7e552e36106d27bceef24b1310f4cbc",
      "core@2.6.1/src/Debug.mo": "526c3f9d94e4a682917febb7b0021831a7cc345a2aa63e2499ddeda33cf63b3e",
      "core@2.6.1/src/Error.mo": "2112280ea5300ae94ff9188c3bbd75a7db87f0c6eb65c2ac5bf04bc27c851d98",
      "core@2.6.1/src/Float.mo": "5cedfd9b42f79d6a4c5d984dd895542b70b1b23afc704486595d6247d81e2438",
      "core@2.6.1/src/Float32.mo": "f18868603519d69289e049367f12fda160480dc44bc917b911b29a8cf84cef50",
      "core@2.6.1/src/Func.mo": "30b6c3d6c7938a4ab968c8916f9e66e6dd4d3f209b4f2f967f2d6a7b61e3380c",
      "core@2.6.1/src/Int.mo": "2233228b585ece0af237b3b8ce9f8c4cc65014bae733192a8cff69c37df35e2c",
      "core@2.6.1/src/Int16.mo": "a6b33d80f900e8f94bf317727fb6d4777191d0304430cd9e08af34ada00ca339",
      "core@2.6.1/src/Int32.mo": "06a69a5fdb5224b5f6184bd35c1d1bd756fc197527ca9262bd19ea3b304ebb7e",
      "core@2.6.1/src/Int64.mo": "e3c3a0355f3c0ea3c8c70d9bc6e300b19a318a71ae0e475cfe4012d0b41d0fce",
      "core@2.6.1/src/Int8.mo": "e29df82bf43aca0c657c8c1c6e77c72605cf64b774a42f267369f9001b1620b1",
      "core@2.6.1/src/InternetComputer.mo": "969951411beb5caf7d60ba6d5e906a5c70a3b466cee42e1135d1cd3d791cb3a1",
      "core@2.6.1/src/Iter.mo": "463f3b12d0d462ba55e84b77cffa8a1d76f04695144f966338aaccb4960dedc5",
      "core@2.6.1/src/List.mo": "c84280433ed0df65b18f28d56a37e64a465a128e8d596903ecb16347837e1f9c",
      "core@2.6.1/src/Map.mo": "125a036b4fffb32a99830df565ae4d095dc02d2c0e0f8a26205872a65bf628b8",
      "core@2.6.1/src/Nat.mo": "e28b0dcbc6cb5f532e386124a8384ab84d5f524134267615c336fb70f186d8cb",
      "core@2.6.1/src/Nat16.mo": "ff3682d1b233721065d9157e4587e8cbd100b882033621d01d1b47cb67ce68fa",
      "core@2.6.1/src/Nat32.mo": "6886e8148867a10fa58f94b31cd6de84322cc274cc06b758ddc1784445648259",
      "core@2.6.1/src/Nat64.mo": "fc295f4fb2542b8777e81e7b7fc6f1624a3ee67b52db5c756664fe59a93cfdb7",
      "core@2.6.1/src/Nat8.mo": "c08a40665121fd2b26764bc1cde3ac19ee075d4416a0091ddae446d539ee94a9",
      "core@2.6.1/src/Option.mo": "aeec94cd6954e7b8b5463a5b15abddfb56c5322cb9b9e7ac782092d5c33a8b38",
      "core@2.6.1/src/Order.mo": "6c21e905e1e8c2b40cd50438218230c207d0bbec0d2514779edd76f9f84a812c",
      "core@2.6.1/src/Principal.mo": "181f4c5f5b6cc8c65d202490a1c7d771f9a462ae1c9fb13cb8915e5feb9f5c71",
      "core@2.6.1/src/PriorityQueue.mo": "e8c02d636e669fbf4ce3dc3b3e1a8d3003ef6d15e989035423e84aa2571cc4b9",
      "core@2.6.1/src/Queue.mo": "52a4276d862e4c26c3f41c09ffe07803c3740118dea3a84c8f086827b65b5399",
      "core@2.6.1/src/Random.mo": "b60f8a72134bab5f527da3c929e63f4ade612ad0799fba576c218f73cbdfad88",
      "core@2.6.1/src/Region.mo": "23ab562d605c80fae3ca10f49df2fc1201d558eee01adf7ddd8d3ada60d7eca9",
      "core@2.6.1/src/Result.mo": "fbf78ffb539258703fa529ec622111cd5962e2aa4d76943bc99e079416b404c3",
      "core@2.6.1/src/Runtime.mo": "d221bd16b45cb717cb4ef4fd698fa8632a415aecbbb5a6fdc8b5cd4bc50a9e56",
      "core@2.6.1/src/Set.mo": "04cde46bb20c3b770a18a330c0449881e92d1948b17fd7d28ce95f9d5ba1d740",
      "core@2.6.1/src/Stack.mo": "8c1146ff41f7f7a4ed775367e22c1c4e711c0a3f0a4335ddc0858730c8214313",
      "core@2.6.1/src/Text.mo": "54ebeb2a1e507ab18e9c37214b2cd15e3255d04523c088deeaf1d24a757ffbd9",
      "core@2.6.1/src/Time.mo": "fcffd56cbeb21c3d8613973f3f1ea382babcf122ea93c9689149f0101c5f3e96",
      "core@2.6.1/src/Timer.mo": "477fe4f6a015a839000ce7a6a871877b3f32c6589850dab2b7e7e872d661b225",
      "core@2.6.1/src/Tuples.mo": "0156c1fc21fffedd71d173e0d1b1e7a9a19726cbc49ec1cf49029d6d93bc7955",
      "core@2.6.1/src/Types.mo": "00dc0132996b3bb3eaf5cc4413be78ca860137ef26f5b472b0e7b3ef68f6652f",
      "core@2.6.1/src/VarArray.mo": "2c35be7e04000139460258b08a1ded7047f46b6aef9f4af3c8c6075bd889ebbe",
      "core@2.6.1/src/WeakReference.mo": "06e58a6d67bf67c4b31ff871416d0cf6d6e34bfb409ce73d83372ef6b74de3cf",
      "core@2.6.1/src/internal/BTreeHelper.mo": "305e10c7e7c740976b60b4b8d63145131ec3d9ade066aac68a1f631981a308f4",
      "core@2.6.1/src/internal/PRNG.mo": "8a93e87baa2b12f613c82394a4a05b425e44a695bbace4ca36f9a1f78be26442",
      "core@2.6.1/src/internal/SortHelper.mo": "fff4f2eec5c59a3db13e46eeb69152bb1b98931f45cb58ac481439a0cd0d10bb",
      "core@2.6.1/src/pure/List.mo": "4c73dc64c6c6042a6f740ed8a699f0917d8e9ae2d5488867b403137c8d1d1a7f",
      "core@2.6.1/src/pure/Map.mo": "1d1c054ef2b86ffa66ada38053760bd2a9b936665e1448db3f4a3e4d48eca05e",
      "core@2.6.1/src/pure/Queue.mo": "129647e8a3dd65404f8ad28fc8f299fd4586bc32802ad9ede9c1f21249d4e54b",
      "core@2.6.1/src/pure/RealTimeQueue.mo": "60e1f118e1fd728c64ac769396b2441a3e9be5208051139b3dd652125a81a0cb",
      "core@2.6.1/src/pure/Set.mo": "c8f6f193a4b42b2df65ce8c05d610ccbcdc8befddc72acd44445e7290224373e"
    },
    "ic-certification@0.1.3": {
      "ic-certification@0.1.3/LICENSE": "c71d239df91726fc519c6eb72d318ec65820627232b2f796219e87dcf35d0ab4",
      "ic-certification@0.1.3/README.md": "fd6f2387ab47db00735360f873b28709e83da3c6922f65c1620a89a47fb62229",
      "ic-certification@0.1.3/demo/ManagementCanister.mo": "51b2a7d1fe68a9dbeb65d8bcdc0c6c0d93cc7babea6c5ceacb70b02cfca0d897",
      "ic-certification@0.1.3/demo/main.mo": "a1d2d19ab92fabf2ae59f2c79fed25bf6e06277e31ec5758364aa5efb2be79f8",
      "ic-certification@0.1.3/mops.toml": "4e67fdefd152877eca9ead98904d6ae4773e9e3c9ee39470372a3ae5e6fd2cf6",
      "ic-certification@0.1.3/src/CanisterSigs.mo": "aa7bf8b2795c1771dec806f1aa252720f30e5c27cdd111dc894ec1a90af5f840",
      "ic-certification@0.1.3/src/CertTree.mo": "a2afeb4bbf13e08b78a17f5f6245a79a9f99e8ebaae8dc483f3ea336c2be2c6a",
      "ic-certification@0.1.3/src/Dyadic.mo": "d03fdcc331aa8c8f969c3f4e38ea0ec0e11f59a3a337dbcbad69f1cfac332b81",
      "ic-certification@0.1.3/src/MerkleTree.mo": "f985ba6867caf5dae09caab3e8b142f7e32092448d941f45ee27672735dbc7f8",
      "ic-certification@0.1.3/src/ReqData.mo": "1acbf080660aec33fe6daa387f01be51ec31d6714b82761c79d85e0262106489",
      "ic-certification@0.1.3/tmp.mo": "d059735d9947c31d5babe556a2e4990969564f1e5d9356d66b1d6931f7907b87"
    },
    "ic-websocket-cdk@0.4.1": {
      "ic-websocket-cdk@0.4.1/LICENSE": "ad690572873d52c3df49c436c6c02b44659241325076f7948e5e201fd7b1d846",
      "ic-websocket-cdk@0.4.1/README.md": "aca621df89c07b2b158c32002ff51f16bb476b8367850205370e1dad20d3a85f",
      "ic-websocket-cdk@0.4.1/mops.toml": "bb4fa57c6ec07358664183d53791025b0fbe3a388ea4dd55d0c662ba34b43b3f",
      "ic-websocket-cdk@0.4.1/src/Constants.mo": "f83fc7e0a322983013cd177a6017fd6431485937e46136f344561493d00f3dfc",
      "ic-websocket-cdk@0.4.1/src/Errors.mo": "008cbf7652cbb2d59f29e645170c33cc30ee66dd80e40efeba1648fa8d50b6d8",
      "ic-websocket-cdk@0.4.1/src/State.mo": "42cc66235aa8668c95af1969fcec55b5be3aeefbe5d5a7820497b16fbd1c8f1a",
      "ic-websocket-cdk@0.4.1/src/Timers.mo": "cfa51745de1035272f358a930c5f76610499728d04aacb8204d8fb1d17b69616",
      "ic-websocket-cdk@0.4.1/src/Types.mo": "789f624c9a1502f0c4ddf364e70cf548faaeae69fe7bcd734f869cce1e2d7657",
      "ic-websocket-cdk@0.4.1/src/Utils.mo": "5c7c6c77f5a06c1c596a82eb11733a0e4f988f68a7336e775f47623d192dec80",
      "ic-websocket-cdk@0.4.1/src/lib.mo": "79e775702f163b9f82c86ad2c80a8a68008f492a3b7ba0a3a6c239714efb6e02"
    },
    "sha2@0.1.0": {
      "sha2@0.1.0/LICENSE": "c71d239df91726fc519c6eb72d318ec65820627232b2f796219e87dcf35d0ab4",
      "sha2@0.1.0/NOTICE": "71e037856ba594c2b26f5d97a1f77a907ab2013af8cbb124857ca8b53022f83f",
      "sha2@0.1.0/README.md": "a0ae47017fa3565b3ba7727515673d007a95c54beb7a933588ffb1b1532f9013",
      "sha2@0.1.0/mops.toml": "36a54c05e17a29c276490836732acc5bf8ce89f5f1df4723a2c0837c7c52576f",
      "sha2@0.1.0/src/Sha256.mo": "393a8bd68ee648ee36dfe1d84d36985c2ed1f13e5f40119b00ddb0575a81137b",
      "sha2@0.1.0/src/Sha512.mo": "4fbae3f3a1e8f8cbb4816ae093fab814882184cf37fe642de478a8c1d9e0bd5e"
    },
    "xtended-numbers@0.3.1": {
      "xtended-numbers@0.3.1/LICENSE": "7caf02fc1ac48db886244237e0fa148cea6c360daabcbccd3e6d26da422bb06b",
      "xtended-numbers@0.3.1/README.md": "df334a5b7f8774bffe09495de9bacb4616d20ad431d50dd7f04fb3e923044cef",
      "xtended-numbers@0.3.1/mops.toml": "4e9deb52b4cef8a768011966ecad1b7eea3daa14349946c118a1b5126e36b9d2",
      "xtended-numbers@0.3.1/src/FloatX.mo": "a2fd81ca4ce3fa47e871ba4d166c0ec4c90ee117663e9f1e28d1cc26ca4652f2",
      "xtended-numbers@0.3.1/src/IntX.mo": "a82947577982a37841ede78c7a4e27568c11bffeb86bb76d03d27eb9ef99a0b3",
      "xtended-numbers@0.3.1/src/NatX.mo": "735ec54844fe8cd6640c4fb0909e8312608db18c192fe278ee9faeb0187217cc",
      "xtended-numbers@0.3.1/src/Util.mo": "e634a191e215bb09593e0bea5df104fa76e8c9f5cd9e3ca28303d7518ab74c00"
    }
  }
}