{
  "name": "duel-007-frontend",
  "version": "0.1.0",
  "lockfileVersion": 3,
  "requires": true,
  "packages": {
    "": {
      "name": "duel-007-frontend",
      "version": "0.1.0",
      "dependencies": {
        "duel-game-core": "file:../../../frontend"
      }
    },
    "node_modules/duel-game-core": {
      "version": "0.1.0",
      "resolved": "file:../../../frontend"
    }
  }
}
